// !$*UTF8*$!
{
	archiveVersion = 1;
	classes = {
	};
	objectVersion = 56;
	objects = {

/* Begin PBXBuildFile section */
		B84C50592AB7CAC400C16307 /* RatingView.swift in Sources */ = {isa = PBXBuildFile; fileRef = B84C50582AB7CAC400C16307 /* RatingView.swift */; };
		B84C505B2AB8333700C16307 /* PeculiaritiesView.swift in Sources */ = {isa = PBXBuildFile; fileRef = B84C505A2AB8333700C16307 /* PeculiaritiesView.swift */; };
		B84C505D2AB83AA200C16307 /* AdditionalsView.swift in Sources */ = {isa = PBXBuildFile; fileRef = B84C505C2AB83AA200C16307 /* AdditionalsView.swift */; };
		B8FC6FFC2B071375003FE1E8 /* AdditionalCell.swift in Sources */ = {isa = PBXBuildFile; fileRef = B8FC6FFB2B071375003FE1E8 /* AdditionalCell.swift */; };
		D727C5C42AA5AF7900731D15 /* RoomView.swift in Sources */ = {isa = PBXBuildFile; fileRef = D727C5C32AA5AF7800731D15 /* RoomView.swift */; };
		D727C5C62AA5AFB100731D15 /* HotelView.swift in Sources */ = {isa = PBXBuildFile; fileRef = D727C5C52AA5AFB100731D15 /* HotelView.swift */; };
		D727C5C82AA5B53A00731D15 /* BookingView.swift in Sources */ = {isa = PBXBuildFile; fileRef = D727C5C72AA5B53A00731D15 /* BookingView.swift */; };
		D727C5CA2AA5B57500731D15 /* SuccessView.swift in Sources */ = {isa = PBXBuildFile; fileRef = D727C5C92AA5B57500731D15 /* SuccessView.swift */; };
		D79A3DB92AA843D3004A4308 /* MockData.swift in Sources */ = {isa = PBXBuildFile; fileRef = D79A3DB82AA843D3004A4308 /* MockData.swift */; };
		D7BE08C92AA5A3F0008F4C7F /* BookingApp.swift in Sources */ = {isa = PBXBuildFile; fileRef = D7BE08C82AA5A3F0008F4C7F /* BookingApp.swift */; };
		D7BE08CB2AA5A3F0008F4C7F /* ContentView.swift in Sources */ = {isa = PBXBuildFile; fileRef = D7BE08CA2AA5A3F0008F4C7F /* ContentView.swift */; };
		D7BE08CD2AA5A3F7008F4C7F /* Assets.xcassets in Resources */ = {isa = PBXBuildFile; fileRef = D7BE08CC2AA5A3F7008F4C7F /* Assets.xcassets */; };
		D7BE08D02AA5A3F7008F4C7F /* Preview Assets.xcassets in Resources */ = {isa = PBXBuildFile; fileRef = D7BE08CF2AA5A3F7008F4C7F /* Preview Assets.xcassets */; };
/* End PBXBuildFile section */

/* Begin PBXFileReference section */
		B84C50582AB7CAC400C16307 /* RatingView.swift */ = {isa = PBXFileReference; lastKnownFileType = sourcecode.swift; path = RatingView.swift; sourceTree = "<group>"; };
		B84C505A2AB8333700C16307 /* PeculiaritiesView.swift */ = {isa = PBXFileReference; lastKnownFileType = sourcecode.swift; path = PeculiaritiesView.swift; sourceTree = "<group>"; };
		B84C505C2AB83AA200C16307 /* AdditionalsView.swift */ = {isa = PBXFileReference; lastKnownFileType = sourcecode.swift; path = AdditionalsView.swift; sourceTree = "<group>"; };
		B8FC6FFB2B071375003FE1E8 /* AdditionalCell.swift */ = {isa = PBXFileReference; lastKnownFileType = sourcecode.swift; path = AdditionalCell.swift; sourceTree = "<group>"; };
		D727C5C32AA5AF7800731D15 /* RoomView.swift */ = {isa = PBXFileReference; lastKnownFileType = sourcecode.swift; path = RoomView.swift; sourceTree = "<group>"; };
		D727C5C52AA5AFB100731D15 /* HotelView.swift */ = {isa = PBXFileReference; lastKnownFileType = sourcecode.swift; path = HotelView.swift; sourceTree = "<group>"; };
		D727C5C72AA5B53A00731D15 /* BookingView.swift */ = {isa = PBXFileReference; lastKnownFileType = sourcecode.swift; path = BookingView.swift; sourceTree = "<group>"; };
		D727C5C92AA5B57500731D15 /* SuccessView.swift */ = {isa = PBXFileReference; lastKnownFileType = sourcecode.swift; path = SuccessView.swift; sourceTree = "<group>"; };
		D79A3DB82AA843D3004A4308 /* MockData.swift */ = {isa = PBXFileReference; lastKnownFileType = sourcecode.swift; path = MockData.swift; sourceTree = "<group>"; };
		D7BE08C52AA5A3F0008F4C7F /* Booking.app */ = {isa = PBXFileReference; explicitFileType = wrapper.application; includeInIndex = 0; path = Booking.app; sourceTree = BUILT_PRODUCTS_DIR; };
		D7BE08C82AA5A3F0008F4C7F /* BookingApp.swift */ = {isa = PBXFileReference; lastKnownFileType = sourcecode.swift; path = BookingApp.swift; sourceTree = "<group>"; };
		D7BE08CA2AA5A3F0008F4C7F /* ContentView.swift */ = {isa = PBXFileReference; lastKnownFileType = sourcecode.swift; path = ContentView.swift; sourceTree = "<group>"; };
		D7BE08CC2AA5A3F7008F4C7F /* Assets.xcassets */ = {isa = PBXFileReference; lastKnownFileType = folder.assetcatalog; path = Assets.xcassets; sourceTree = "<group>"; };
		D7BE08CF2AA5A3F7008F4C7F /* Preview Assets.xcassets */ = {isa = PBXFileReference; lastKnownFileType = folder.assetcatalog; path = "Preview Assets.xcassets"; sourceTree = "<group>"; };
/* End PBXFileReference section */

/* Begin PBXFrameworksBuildPhase section */
		D7BE08C22AA5A3F0008F4C7F /* Frameworks */ = {
			isa = PBXFrameworksBuildPhase;
			buildActionMask = 2147483647;
			files = (
			);
			runOnlyForDeploymentPostprocessing = 0;
		};
/* End PBXFrameworksBuildPhase section */

/* Begin PBXGroup section */
		B84C505E2AB83ABF00C16307 /* Views */ = {
			isa = PBXGroup;
			children = (
				D7BE08CA2AA5A3F0008F4C7F /* ContentView.swift */,
				B84C505F2AB83AE400C16307 /* Hotel */,
				B87FDED52B0F14800032B633 /* Room */,
				D727C5C72AA5B53A00731D15 /* BookingView.swift */,
				D727C5C92AA5B57500731D15 /* SuccessView.swift */,
			);
			path = Views;
			sourceTree = "<group>";
		};
		B84C505F2AB83AE400C16307 /* Hotel */ = {
			isa = PBXGroup;
			children = (
				D727C5C52AA5AFB100731D15 /* HotelView.swift */,
				B84C50582AB7CAC400C16307 /* RatingView.swift */,
				B84C505A2AB8333700C16307 /* PeculiaritiesView.swift */,
				B84C505C2AB83AA200C16307 /* AdditionalsView.swift */,
				B8FC6FFB2B071375003FE1E8 /* AdditionalCell.swift */,
			);
			path = Hotel;
			sourceTree = "<group>";
		};
		B87FDED52B0F14800032B633 /* Room */ = {
			isa = PBXGroup;
			children = (
				D727C5C32AA5AF7800731D15 /* RoomView.swift */,
			);
			path = Room;
			sourceTree = "<group>";
		};
		D7BE08BC2AA5A3F0008F4C7F = {
			isa = PBXGroup;
			children = (
				D7BE08C72AA5A3F0008F4C7F /* Booking */,
				D7BE08C62AA5A3F0008F4C7F /* Products */,
			);
			sourceTree = "<group>";
		};
		D7BE08C62AA5A3F0008F4C7F /* Products */ = {
			isa = PBXGroup;
			children = (
				D7BE08C52AA5A3F0008F4C7F /* Booking.app */,
			);
			name = Products;
			sourceTree = "<group>";
		};
		D7BE08C72AA5A3F0008F4C7F /* Booking */ = {
			isa = PBXGroup;
			children = (
				B84C505E2AB83ABF00C16307 /* Views */,
				D7BE08C82AA5A3F0008F4C7F /* BookingApp.swift */,
				D7BE08CC2AA5A3F7008F4C7F /* Assets.xcassets */,
				D7BE08CE2AA5A3F7008F4C7F /* Preview Content */,
				D79A3DB82AA843D3004A4308 /* MockData.swift */,
			);
			path = Booking;
			sourceTree = "<group>";
		};
		D7BE08CE2AA5A3F7008F4C7F /* Preview Content */ = {
			isa = PBXGroup;
			children = (
				D7BE08CF2AA5A3F7008F4C7F /* Preview Assets.xcassets */,
			);
			path = "Preview Content";
			sourceTree = "<group>";
		};
/* End PBXGroup section */

/* Begin PBXNativeTarget section */
		D7BE08C42AA5A3F0008F4C7F /* Booking */ = {
			isa = PBXNativeTarget;
			buildConfigurationList = D7BE08D32AA5A3F7008F4C7F /* Build configuration list for PBXNativeTarget "Booking" */;
			buildPhases = (
				D7BE08C12AA5A3F0008F4C7F /* Sources */,
				D7BE08C22AA5A3F0008F4C7F /* Frameworks */,
				D7BE08C32AA5A3F0008F4C7F /* Resources */,
			);
			buildRules = (
			);
			dependencies = (
			);
			name = Booking;
			productName = Booking;
			productReference = D7BE08C52AA5A3F0008F4C7F /* Booking.app */;
			productType = "com.apple.product-type.application";
		};
/* End PBXNativeTarget section */

/* Begin PBXProject section */
		D7BE08BD2AA5A3F0008F4C7F /* Project object */ = {
			isa = PBXProject;
			attributes = {
				BuildIndependentTargetsInParallel = 1;
				LastSwiftUpdateCheck = 1430;
				LastUpgradeCheck = 1500;
				TargetAttributes = {
					D7BE08C42AA5A3F0008F4C7F = {
						CreatedOnToolsVersion = 14.3.1;
					};
				};
			};
			buildConfigurationList = D7BE08C02AA5A3F0008F4C7F /* Build configuration list for PBXProject "Booking" */;
			compatibilityVersion = "Xcode 14.0";
			developmentRegion = en;
			hasScannedForEncodings = 0;
			knownRegions = (
				en,
				Base,
			);
			mainGroup = D7BE08BC2AA5A3F0008F4C7F;
			productRefGroup = D7BE08C62AA5A3F0008F4C7F /* Products */;
			projectDirPath = "";
			projectRoot = "";
			targets = (
				D7BE08C42AA5A3F0008F4C7F /* Booking */,
			);
		};
/* End PBXProject section */

/* Begin PBXResourcesBuildPhase section */
		D7BE08C32AA5A3F0008F4C7F /* Resources */ = {
			isa = PBXResourcesBuildPhase;
			buildActionMask = 2147483647;
			files = (
				D7BE08D02AA5A3F7008F4C7F /* Preview Assets.xcassets in Resources */,
				D7BE08CD2AA5A3F7008F4C7F /* Assets.xcassets in Resources */,
			);
			runOnlyForDeploymentPostprocessing = 0;
		};
/* End PBXResourcesBuildPhase section */

/* Begin PBXSourcesBuildPhase section */
		D7BE08C12AA5A3F0008F4C7F /* Sources */ = {
			isa = PBXSourcesBuildPhase;
			buildActionMask = 2147483647;
			files = (
				D727C5C42AA5AF7900731D15 /* RoomView.swift in Sources */,
				B84C505D2AB83AA200C16307 /* AdditionalsView.swift in Sources */,
				D727C5C62AA5AFB100731D15 /* HotelView.swift in Sources */,
				B8FC6FFC2B071375003FE1E8 /* AdditionalCell.swift in Sources */,
				B84C505B2AB8333700C16307 /* PeculiaritiesView.swift in Sources */,
				D7BE08CB2AA5A3F0008F4C7F /* ContentView.swift in Sources */,
				B84C50592AB7CAC400C16307 /* RatingView.swift in Sources */,
				D7BE08C92AA5A3F0008F4C7F /* BookingApp.swift in Sources */,
				D727C5CA2AA5B57500731D15 /* SuccessView.swift in Sources */,
				D79A3DB92AA843D3004A4308 /* MockData.swift in Sources */,
				D727C5C82AA5B53A00731D15 /* BookingView.swift in Sources */,
			);
			runOnlyForDeploymentPostprocessing = 0;
		};
/* End PBXSourcesBuildPhase section */

/* Begin XCBuildConfiguration section */
		D7BE08D12AA5A3F7008F4C7F /* Debug */ = {
			isa = XCBuildConfiguration;
			buildSettings = {
				ALWAYS_SEARCH_USER_PATHS = NO;
				ASSETCATALOG_COMPILER_GENERATE_SWIFT_ASSET_SYMBOL_EXTENSIONS = YES;
				CLANG_ANALYZER_NONNULL = YES;
				CLANG_ANALYZER_NUMBER_OBJECT_CONVERSION = YES_AGGRESSIVE;
				CLANG_CXX_LANGUAGE_STANDARD = "gnu++20";
				CLANG_ENABLE_MODULES = YES;
				CLANG_ENABLE_OBJC_ARC = YES;
				CLANG_ENABLE_OBJC_WEAK = YES;
				CLANG_WARN_BLOCK_CAPTURE_AUTORELEASING = YES;
				CLANG_WARN_BOOL_CONVERSION = YES;
				CLANG_WARN_COMMA = YES;
				CLANG_WARN_CONSTANT_CONVERSION = YES;
				CLANG_WARN_DEPRECATED_OBJC_IMPLEMENTATIONS = YES;
				CLANG_WARN_DIRECT_OBJC_ISA_USAGE = YES_ERROR;
				CLANG_WARN_DOCUMENTATION_COMMENTS = YES;
				CLANG_WARN_EMPTY_BODY = YES;
				CLANG_WARN_ENUM_CONVERSION = YES;
				CLANG_WARN_INFINITE_RECURSION = YES;
				CLANG_WARN_INT_CONVERSION = YES;
				CLANG_WARN_NON_LITERAL_NULL_CONVERSION = YES;
				CLANG_WARN_OBJC_IMPLICIT_RETAIN_SELF = YES;
				CLANG_WARN_OBJC_LITERAL_CONVERSION = YES;
				CLANG_WARN_OBJC_ROOT_CLASS = YES_ERROR;
				CLANG_WARN_QUOTED_INCLUDE_IN_FRAMEWORK_HEADER = YES;
				CLANG_WARN_RANGE_LOOP_ANALYSIS = YES;
				CLANG_WARN_STRICT_PROTOTYPES = YES;
				CLANG_WARN_SUSPICIOUS_MOVE = YES;
				CLANG_WARN_UNGUARDED_AVAILABILITY = YES_AGGRESSIVE;
				CLANG_WARN_UNREACHABLE_CODE = YES;
				CLANG_WARN__DUPLICATE_METHOD_MATCH = YES;
				COPY_PHASE_STRIP = NO;
				DEBUG_INFORMATION_FORMAT = dwarf;
				ENABLE_STRICT_OBJC_MSGSEND = YES;
				ENABLE_TESTABILITY = YES;
				ENABLE_USER_SCRIPT_SANDBOXING = YES;
				GCC_C_LANGUAGE_STANDARD = gnu11;
				GCC_DYNAMIC_NO_PIC = NO;
				GCC_NO_COMMON_BLOCKS = YES;
				GCC_OPTIMIZATION_LEVEL = 0;
				GCC_PREPROCESSOR_DEFINITIONS = (
					"DEBUG=1",
					"$(inherited)",
				);
				GCC_WARN_64_TO_32_BIT_CONVERSION = YES;
				GCC_WARN_ABOUT_RETURN_TYPE = YES_ERROR;
				GCC_WARN_UNDECLARED_SELECTOR = YES;
				GCC_WARN_UNINITIALIZED_AUTOS = YES_AGGRESSIVE;
				GCC_WARN_UNUSED_FUNCTION = YES;
				GCC_WARN_UNUSED_VARIABLE = YES;
				IPHONEOS_DEPLOYMENT_TARGET = 16.0;
				MTL_ENABLE_DEBUG_INFO = INCLUDE_SOURCE;
				MTL_FAST_MATH = YES;
				ONLY_ACTIVE_ARCH = YES;
				SDKROOT = iphoneos;
				SWIFT_ACTIVE_COMPILATION_CONDITIONS = DEBUG;
				SWIFT_OPTIMIZATION_LEVEL = "-Onone";
			};
			name = Debug;
		};
		D7BE08D22AA5A3F7008F4C7F /* Release */ = {
			isa = XCBuildConfiguration;
			buildSettings = {
				ALWAYS_SEARCH_USER_PATHS = NO;
				ASSETCATALOG_COMPILER_GENERATE_SWIFT_ASSET_SYMBOL_EXTENSIONS = YES;
				CLANG_ANALYZER_NONNULL = YES;
				CLANG_ANALYZER_NUMBER_OBJECT_CONVERSION = YES_AGGRESSIVE;
				CLANG_CXX_LANGUAGE_STANDARD = "gnu++20";
				CLANG_ENABLE_MODULES = YES;
				CLANG_ENABLE_OBJC_ARC = YES;
				CLANG_ENABLE_OBJC_WEAK = YES;
				CLANG_WARN_BLOCK_CAPTURE_AUTORELEASING = YES;
				CLANG_WARN_BOOL_CONVERSION = YES;
				CLANG_WARN_COMMA = YES;
				CLANG_WARN_CONSTANT_CONVERSION = YES;
				CLANG_WARN_DEPRECATED_OBJC_IMPLEMENTATIONS = YES;
				CLANG_WARN_DIRECT_OBJC_ISA_USAGE = YES_ERROR;
				CLANG_WARN_DOCUMENTATION_COMMENTS = YES;
				CLANG_WARN_EMPTY_BODY = YES;
				CLANG_WARN_ENUM_CONVERSION = YES;
				CLANG_WARN_INFINITE_RECURSION = YES;
				CLANG_WARN_INT_CONVERSION = YES;
				CLANG_WARN_NON_LITERAL_NULL_CONVERSION = YES;
				CLANG_WARN_OBJC_IMPLICIT_RETAIN_SELF = YES;
				CLANG_WARN_OBJC_LITERAL_CONVERSION = YES;
				CLANG_WARN_OBJC_ROOT_CLASS = YES_ERROR;
				CLANG_WARN_QUOTED_INCLUDE_IN_FRAMEWORK_HEADER = YES;
				CLANG_WARN_RANGE_LOOP_ANALYSIS = YES;
				CLANG_WARN_STRICT_PROTOTYPES = YES;
				CLANG_WARN_SUSPICIOUS_MOVE = YES;
				CLANG_WARN_UNGUARDED_AVAILABILITY = YES_AGGRESSIVE;
				CLANG_WARN_UNREACHABLE_CODE = YES;
				CLANG_WARN__DUPLICATE_METHOD_MATCH = YES;
				COPY_PHASE_STRIP = NO;
				DEBUG_INFORMATION_FORMAT = "dwarf-with-dsym";
				ENABLE_NS_ASSERTIONS = NO;
				ENABLE_STRICT_OBJC_MSGSEND = YES;
				ENABLE_USER_SCRIPT_SANDBOXING = YES;
				GCC_C_LANGUAGE_STANDARD = gnu11;
				GCC_NO_COMMON_BLOCKS = YES;
				GCC_WARN_64_TO_32_BIT_CONVERSION = YES;
				GCC_WARN_ABOUT_RETURN_TYPE = YES_ERROR;
				GCC_WARN_UNDECLARED_SELECTOR = YES;
				GCC_WARN_UNINITIALIZED_AUTOS = YES_AGGRESSIVE;
				GCC_WARN_UNUSED_FUNCTION = YES;
				GCC_WARN_UNUSED_VARIABLE = YES;
				IPHONEOS_DEPLOYMENT_TARGET = 16.0;
				MTL_ENABLE_DEBUG_INFO = NO;
				MTL_FAST_MATH = YES;
				SDKROOT = iphoneos;
				SWIFT_COMPILATION_MODE = wholemodule;
				SWIFT_OPTIMIZATION_LEVEL = "-O";
				VALIDATE_PRODUCT = YES;
			};
			name = Release;
		};
		D7BE08D42AA5A3F7008F4C7F /* Debug */ = {
			isa = XCBuildConfiguration;
			buildSettings = {
				ASSETCATALOG_COMPILER_APPICON_NAME = AppIcon;
				ASSETCATALOG_COMPILER_GLOBAL_ACCENT_COLOR_NAME = AccentColor;
				CODE_SIGN_STYLE = Automatic;
				CURRENT_PROJECT_VERSION = 1;
				DEVELOPMENT_ASSET_PATHS = "\"Booking/Preview Content\"";
				DEVELOPMENT_TEAM = 973295K87L;
				ENABLE_PREVIEWS = YES;
				GENERATE_INFOPLIST_FILE = YES;
				INFOPLIST_KEY_UIApplicationSceneManifest_Generation = YES;
				INFOPLIST_KEY_UIApplicationSupportsIndirectInputEvents = YES;
				INFOPLIST_KEY_UILaunchScreen_Generation = YES;
				INFOPLIST_KEY_UISupportedInterfaceOrientations = UIInterfaceOrientationPortrait;
				INFOPLIST_KEY_UISupportedInterfaceOrientations_iPad = "UIInterfaceOrientationLandscapeLeft UIInterfaceOrientationLandscapeRight UIInterfaceOrientationPortrait UIInterfaceOrientationPortraitUpsideDown";
				IPHONEOS_DEPLOYMENT_TARGET = 16;
				LD_RUNPATH_SEARCH_PATHS = (
					"$(inherited)",
					"@executable_path/Frameworks",
				);
				MARKETING_VERSION = 1.0;
				PRODUCT_BUNDLE_IDENTIFIER = com.motodolphin.Booking;
				PRODUCT_NAME = "$(TARGET_NAME)";
				SUPPORTED_PLATFORMS = "iphoneos iphonesimulator";
				SUPPORTS_MACCATALYST = NO;
				SUPPORTS_MAC_DESIGNED_FOR_IPHONE_IPAD = NO;
				SWIFT_EMIT_LOC_STRINGS = YES;
				SWIFT_VERSION = 5.0;
				TARGETED_DEVICE_FAMILY = 1;
			};
			name = Debug;
		};
		D7BE08D52AA5A3F7008F4C7F /* Release */ = {
			isa = XCBuildConfiguration;
			buildSettings = {
				ASSETCATALOG_COMPILER_APPICON_NAME = AppIcon;
				ASSETCATALOG_COMPILER_GLOBAL_ACCENT_COLOR_NAME = AccentColor;
				CODE_SIGN_STYLE = Automatic;
				CURRENT_PROJECT_VERSION = 1;
				DEVELOPMENT_ASSET_PATHS = "\"Booking/Preview Content\"";
				DEVELOPMENT_TEAM = 973295K87L;
				ENABLE_PREVIEWS = YES;
				GENERATE_INFOPLIST_FILE = YES;
				INFOPLIST_KEY_UIApplicationSceneManifest_Generation = YES;
				INFOPLIST_KEY_UIApplicationSupportsIndirectInputEvents = YES;
				INFOPLIST_KEY_UILaunchScreen_Generation = YES;
				INFOPLIST_KEY_UISupportedInterfaceOrientations = UIInterfaceOrientationPortrait;
				INFOPLIST_KEY_UISupportedInterfaceOrientations_iPad = "UIInterfaceOrientationLandscapeLeft UIInterfaceOrientationLandscapeRight UIInterfaceOrientationPortrait UIInterfaceOrientationPortraitUpsideDown";
				IPHONEOS_DEPLOYMENT_TARGET = 16;
				LD_RUNPATH_SEARCH_PATHS = (
					"$(inherited)",
					"@executable_path/Frameworks",
				);
				MARKETING_VERSION = 1.0;
				PRODUCT_BUNDLE_IDENTIFIER = com.motodolphin.Booking;
				PRODUCT_NAME = "$(TARGET_NAME)";
				SUPPORTED_PLATFORMS = "iphoneos iphonesimulator";
				SUPPORTS_MACCATALYST = NO;
				SUPPORTS_MAC_DESIGNED_FOR_IPHONE_IPAD = NO;
				SWIFT_EMIT_LOC_STRINGS = YES;
				SWIFT_VERSION = 5.0;
				TARGETED_DEVICE_FAMILY = 1;
			};
			name = Release;
		};
/* End XCBuildConfiguration section */

/* Begin XCConfigurationList section */
		D7BE08C02AA5A3F0008F4C7F /* Build configuration list for PBXProject "Booking" */ = {
			isa = XCConfigurationList;
			buildConfigurations = (
				D7BE08D12AA5A3F7008F4C7F /* Debug */,
				D7BE08D22AA5A3F7008F4C7F /* Release */,
			);
			defaultConfigurationIsVisible = 0;
			defaultConfigurationName = Release;
		};
		D7BE08D32AA5A3F7008F4C7F /* Build configuration list for PBXNativeTarget "Booking" */ = {
			isa = XCConfigurationList;
			buildConfigurations = (
				D7BE08D42AA5A3F7008F4C7F /* Debug */,
				D7BE08D52AA5A3F7008F4C7F /* Release */,
			);
			defaultConfigurationIsVisible = 0;
			defaultConfigurationName = Release;
		};
/* End XCConfigurationList section */
	};
	rootObject = D7BE08BD2AA5A3F0008F4C7F /* Project object */;
}
